
Microsoft Visual Studio Solution File, Format Version 12.00
# Visual Studio Version 16
VisualStudioVersion = 16.0.29911.84
MinimumVisualStudioVersion = 10.0.40219.1
Project("{9A19103F-16F7-4668-BE54-9A1E7A4F7556}") = "HRMS_Project", "HRMS_Project\HRMS_Project.csproj", "{51737329-C2E2-4C66-B558-992E760096D7}"
EndProject
Project("{FAE04EC0-301F-11D3-BF4B-00C04F79EFBC}") = "HRMS_WebApi", "HRMS_WebApi\HRMS_WebApi.csproj", "{D06B263B-4767-490D-B8F0-00B3295DF072}"
EndProject
Global
	GlobalSection(SolutionConfigurationPlatforms) = preSolution
		Debug|Any CPU = Debug|Any CPU
		Release|Any CPU = Release|Any CPU
	EndGlobalSection
	GlobalSection(ProjectConfigurationPlatforms) = postSolution
		{51737329-C2E2-4C66-B558-992E760096D7}.Debug|Any CPU.ActiveCfg = Debug|Any CPU
		{51737329-C2E2-4C66-B558-992E760096D7}.Debug|Any CPU.Build.0 = Debug|Any CPU
		{51737329-C2E2-4C66-B558-992E760096D7}.Release|Any CPU.ActiveCfg = Release|Any CPU
		{51737329-C2E2-4C66-B558-992E760096D7}.Release|Any CPU.Build.0 = Release|Any CPU
		{D06B263B-4767-490D-B8F0-00B3295DF072}.Debug|Any CPU.ActiveCfg = Debug|Any CPU
		{D06B263B-4767-490D-B8F0-00B3295DF072}.Debug|Any CPU.Build.0 = Debug|Any CPU
		{D06B263B-4767-490D-B8F0-00B3295DF072}.Release|Any CPU.ActiveCfg = Release|Any CPU
		{D06B263B-4767-490D-B8F0-00B3295DF072}.Release|Any CPU.Build.0 = Release|Any CPU
	EndGlobalSection
	GlobalSection(SolutionProperties) = preSolution
		HideSolutionNode = FALSE
	EndGlobalSection
	GlobalSection(ExtensibilityGlobals) = postSolution
		SolutionGuid = {A8644487-0A42-4856-B1FF-DC94A5523F05}
	EndGlobalSection
EndGlobal
